
Microsoft Visual Studio Solution File, Format Version 12.00
# Visual Studio 15
VisualStudioVersion = 15.0.28307.645
MinimumVisualStudioVersion = 10.0.40219.1
Project("{8BC9CEB8-8B4A-11D0-8D11-00A0C91BC942}") = "treerecmp", "treerecmp\treerecmp.vcxproj", "{06D73D7E-01F9-4E1F-B8E7-8C26EC29B30B}"
EndProject
Project("{8BC9CEB8-8B4A-11D0-8D11-00A0C91BC942}") = "test", "test\test.vcxproj", "{CE0477F7-9720-4CB0-9E22-2E9D255BA07E}"
EndProject
Project("{8BC9CEB8-8B4A-11D0-8D11-00A0C91BC942}") = "gtest", "test\gtest\gtest.vcxproj", "{B83C4FDD-3F90-45CC-802F-F20C5FEB86F2}"
EndProject
Project("{8BC9CEB8-8B4A-11D0-8D11-00A0C91BC942}") = "gtest_main", "test\gtest_main\gtest_main.vcxproj", "{DDCD3C2B-4984-4E38-98CA-3A46468FD85B}"
EndProject
Project("{8BC9CEB8-8B4A-11D0-8D11-00A0C91BC942}") = "bpp-core", "bpp-core.vcxproj", "{C8FCA2C0-94B7-4064-B328-A4073DBFFD26}"
EndProject
Project("{8BC9CEB8-8B4A-11D0-8D11-00A0C91BC942}") = "bpp-seq", "bpp-seq.vcxproj", "{854E33F1-841A-4FB9-A584-A1E23FA7D2CD}"
EndProject
Project("{8BC9CEB8-8B4A-11D0-8D11-00A0C91BC942}") = "bpp-phyl", "bpp-phyl.vcxproj", "{5B763FEF-C659-4593-835F-49812C9696DD}"
EndProject
Project("{2150E333-8FDC-42A3-9474-1A3956D46DE8}") = "poco", "poco", "{DB8C0BA1-8906-4120-BC90-EB7A695DFA75}"
EndProject
Project("{8BC9CEB8-8B4A-11D0-8D11-00A0C91BC942}") = "JSON", "poco\JSON\JSON_x64_vs150.vcxproj", "{0E7FE914-0690-3EB4-9119-93A97CC97741}"
EndProject
Project("{8BC9CEB8-8B4A-11D0-8D11-00A0C91BC942}") = "Foundation", "poco\Foundation\Foundation_x64_vs150.vcxproj", "{B01196CC-B693-4548-8464-2FF60499E73F}"
EndProject
Project("{8BC9CEB8-8B4A-11D0-8D11-00A0C91BC942}") = "XML", "poco\XML\XML_x64_vs150.vcxproj", "{9E211743-85FE-4977-82F3-4F04B40C912D}"
EndProject
Project("{8BC9CEB8-8B4A-11D0-8D11-00A0C91BC942}") = "Util", "poco\Util\Util_x64_vs150.vcxproj", "{6FF56CDB-787A-4714-A28C-919003F9FA6C}"
EndProject
Global
	GlobalSection(SolutionConfigurationPlatforms) = preSolution
		debug_shared|x64 = debug_shared|x64
		debug_shared|x86 = debug_shared|x86
		debug_static_md|x64 = debug_static_md|x64
		debug_static_md|x86 = debug_static_md|x86
		debug_static_mt|x64 = debug_static_mt|x64
		debug_static_mt|x86 = debug_static_mt|x86
		Debug|x64 = Debug|x64
		Debug|x86 = Debug|x86
		release_shared|x64 = release_shared|x64
		release_shared|x86 = release_shared|x86
		release_static_md|x64 = release_static_md|x64
		release_static_md|x86 = release_static_md|x86
		release_static_mt|x64 = release_static_mt|x64
		release_static_mt|x86 = release_static_mt|x86
		Release|x64 = Release|x64
		Release|x86 = Release|x86
	EndGlobalSection
	GlobalSection(ProjectConfigurationPlatforms) = postSolution
		{06D73D7E-01F9-4E1F-B8E7-8C26EC29B30B}.debug_shared|x64.ActiveCfg = Debug|x64
		{06D73D7E-01F9-4E1F-B8E7-8C26EC29B30B}.debug_shared|x64.Build.0 = Debug|x64
		{06D73D7E-01F9-4E1F-B8E7-8C26EC29B30B}.debug_shared|x86.ActiveCfg = Debug|Win32
		{06D73D7E-01F9-4E1F-B8E7-8C26EC29B30B}.debug_shared|x86.Build.0 = Debug|Win32
		{06D73D7E-01F9-4E1F-B8E7-8C26EC29B30B}.debug_static_md|x64.ActiveCfg = Debug|x64
		{06D73D7E-01F9-4E1F-B8E7-8C26EC29B30B}.debug_static_md|x64.Build.0 = Debug|x64
		{06D73D7E-01F9-4E1F-B8E7-8C26EC29B30B}.debug_static_md|x86.ActiveCfg = Debug|Win32
		{06D73D7E-01F9-4E1F-B8E7-8C26EC29B30B}.debug_static_md|x86.Build.0 = Debug|Win32
		{06D73D7E-01F9-4E1F-B8E7-8C26EC29B30B}.debug_static_mt|x64.ActiveCfg = Debug|x64
		{06D73D7E-01F9-4E1F-B8E7-8C26EC29B30B}.debug_static_mt|x64.Build.0 = Debug|x64
		{06D73D7E-01F9-4E1F-B8E7-8C26EC29B30B}.debug_static_mt|x86.ActiveCfg = Debug|Win32
		{06D73D7E-01F9-4E1F-B8E7-8C26EC29B30B}.debug_static_mt|x86.Build.0 = Debug|Win32
		{06D73D7E-01F9-4E1F-B8E7-8C26EC29B30B}.Debug|x64.ActiveCfg = Debug|x64
		{06D73D7E-01F9-4E1F-B8E7-8C26EC29B30B}.Debug|x64.Build.0 = Debug|x64
		{06D73D7E-01F9-4E1F-B8E7-8C26EC29B30B}.Debug|x86.ActiveCfg = Debug|Win32
		{06D73D7E-01F9-4E1F-B8E7-8C26EC29B30B}.Debug|x86.Build.0 = Debug|Win32
		{06D73D7E-01F9-4E1F-B8E7-8C26EC29B30B}.release_shared|x64.ActiveCfg = Release|x64
		{06D73D7E-01F9-4E1F-B8E7-8C26EC29B30B}.release_shared|x64.Build.0 = Release|x64
		{06D73D7E-01F9-4E1F-B8E7-8C26EC29B30B}.release_shared|x86.ActiveCfg = Release|Win32
		{06D73D7E-01F9-4E1F-B8E7-8C26EC29B30B}.release_shared|x86.Build.0 = Release|Win32
		{06D73D7E-01F9-4E1F-B8E7-8C26EC29B30B}.release_static_md|x64.ActiveCfg = Release|x64
		{06D73D7E-01F9-4E1F-B8E7-8C26EC29B30B}.release_static_md|x64.Build.0 = Release|x64
		{06D73D7E-01F9-4E1F-B8E7-8C26EC29B30B}.release_static_md|x86.ActiveCfg = Release|Win32
		{06D73D7E-01F9-4E1F-B8E7-8C26EC29B30B}.release_static_md|x86.Build.0 = Release|Win32
		{06D73D7E-01F9-4E1F-B8E7-8C26EC29B30B}.release_static_mt|x64.ActiveCfg = Release|x64
		{06D73D7E-01F9-4E1F-B8E7-8C26EC29B30B}.release_static_mt|x64.Build.0 = Release|x64
		{06D73D7E-01F9-4E1F-B8E7-8C26EC29B30B}.release_static_mt|x86.ActiveCfg = Release|Win32
		{06D73D7E-01F9-4E1F-B8E7-8C26EC29B30B}.release_static_mt|x86.Build.0 = Release|Win32
		{06D73D7E-01F9-4E1F-B8E7-8C26EC29B30B}.Release|x64.ActiveCfg = Release|x64
		{06D73D7E-01F9-4E1F-B8E7-8C26EC29B30B}.Release|x64.Build.0 = Release|x64
		{06D73D7E-01F9-4E1F-B8E7-8C26EC29B30B}.Release|x86.ActiveCfg = Release|Win32
		{06D73D7E-01F9-4E1F-B8E7-8C26EC29B30B}.Release|x86.Build.0 = Release|Win32
		{CE0477F7-9720-4CB0-9E22-2E9D255BA07E}.debug_shared|x64.ActiveCfg = Debug|x64
		{CE0477F7-9720-4CB0-9E22-2E9D255BA07E}.debug_shared|x64.Build.0 = Debug|x64
		{CE0477F7-9720-4CB0-9E22-2E9D255BA07E}.debug_shared|x86.ActiveCfg = Debug|Win32
		{CE0477F7-9720-4CB0-9E22-2E9D255BA07E}.debug_shared|x86.Build.0 = Debug|Win32
		{CE0477F7-9720-4CB0-9E22-2E9D255BA07E}.debug_static_md|x64.ActiveCfg = Debug|x64
		{CE0477F7-9720-4CB0-9E22-2E9D255BA07E}.debug_static_md|x64.Build.0 = Debug|x64
		{CE0477F7-9720-4CB0-9E22-2E9D255BA07E}.debug_static_md|x86.ActiveCfg = Debug|Win32
		{CE0477F7-9720-4CB0-9E22-2E9D255BA07E}.debug_static_md|x86.Build.0 = Debug|Win32
		{CE0477F7-9720-4CB0-9E22-2E9D255BA07E}.debug_static_mt|x64.ActiveCfg = Debug|x64
		{CE0477F7-9720-4CB0-9E22-2E9D255BA07E}.debug_static_mt|x64.Build.0 = Debug|x64
		{CE0477F7-9720-4CB0-9E22-2E9D255BA07E}.debug_static_mt|x86.ActiveCfg = Debug|Win32
		{CE0477F7-9720-4CB0-9E22-2E9D255BA07E}.debug_static_mt|x86.Build.0 = Debug|Win32
		{CE0477F7-9720-4CB0-9E22-2E9D255BA07E}.Debug|x64.ActiveCfg = Debug|x64
		{CE0477F7-9720-4CB0-9E22-2E9D255BA07E}.Debug|x64.Build.0 = Debug|x64
		{CE0477F7-9720-4CB0-9E22-2E9D255BA07E}.Debug|x86.ActiveCfg = Debug|Win32
		{CE0477F7-9720-4CB0-9E22-2E9D255BA07E}.Debug|x86.Build.0 = Debug|Win32
		{CE0477F7-9720-4CB0-9E22-2E9D255BA07E}.release_shared|x64.ActiveCfg = Release|x64
		{CE0477F7-9720-4CB0-9E22-2E9D255BA07E}.release_shared|x64.Build.0 = Release|x64
		{CE0477F7-9720-4CB0-9E22-2E9D255BA07E}.release_shared|x86.ActiveCfg = Release|Win32
		{CE0477F7-9720-4CB0-9E22-2E9D255BA07E}.release_shared|x86.Build.0 = Release|Win32
		{CE0477F7-9720-4CB0-9E22-2E9D255BA07E}.release_static_md|x64.ActiveCfg = Release|x64
		{CE0477F7-9720-4CB0-9E22-2E9D255BA07E}.release_static_md|x64.Build.0 = Release|x64
		{CE0477F7-9720-4CB0-9E22-2E9D255BA07E}.release_static_md|x86.ActiveCfg = Release|Win32
		{CE0477F7-9720-4CB0-9E22-2E9D255BA07E}.release_static_md|x86.Build.0 = Release|Win32
		{CE0477F7-9720-4CB0-9E22-2E9D255BA07E}.release_static_mt|x64.ActiveCfg = Release|x64
		{CE0477F7-9720-4CB0-9E22-2E9D255BA07E}.release_static_mt|x64.Build.0 = Release|x64
		{CE0477F7-9720-4CB0-9E22-2E9D255BA07E}.release_static_mt|x86.ActiveCfg = Release|Win32
		{CE0477F7-9720-4CB0-9E22-2E9D255BA07E}.release_static_mt|x86.Build.0 = Release|Win32
		{CE0477F7-9720-4CB0-9E22-2E9D255BA07E}.Release|x64.ActiveCfg = Release|x64
		{CE0477F7-9720-4CB0-9E22-2E9D255BA07E}.Release|x64.Build.0 = Release|x64
		{CE0477F7-9720-4CB0-9E22-2E9D255BA07E}.Release|x86.ActiveCfg = Release|Win32
		{CE0477F7-9720-4CB0-9E22-2E9D255BA07E}.Release|x86.Build.0 = Release|Win32
		{B83C4FDD-3F90-45CC-802F-F20C5FEB86F2}.debug_shared|x64.ActiveCfg = Debug|x64
		{B83C4FDD-3F90-45CC-802F-F20C5FEB86F2}.debug_shared|x64.Build.0 = Debug|x64
		{B83C4FDD-3F90-45CC-802F-F20C5FEB86F2}.debug_shared|x86.ActiveCfg = Debug|Win32
		{B83C4FDD-3F90-45CC-802F-F20C5FEB86F2}.debug_shared|x86.Build.0 = Debug|Win32
		{B83C4FDD-3F90-45CC-802F-F20C5FEB86F2}.debug_static_md|x64.ActiveCfg = Debug|x64
		{B83C4FDD-3F90-45CC-802F-F20C5FEB86F2}.debug_static_md|x64.Build.0 = Debug|x64
		{B83C4FDD-3F90-45CC-802F-F20C5FEB86F2}.debug_static_md|x86.ActiveCfg = Debug|Win32
		{B83C4FDD-3F90-45CC-802F-F20C5FEB86F2}.debug_static_md|x86.Build.0 = Debug|Win32
		{B83C4FDD-3F90-45CC-802F-F20C5FEB86F2}.debug_static_mt|x64.ActiveCfg = Debug|x64
		{B83C4FDD-3F90-45CC-802F-F20C5FEB86F2}.debug_static_mt|x64.Build.0 = Debug|x64
		{B83C4FDD-3F90-45CC-802F-F20C5FEB86F2}.debug_static_mt|x86.ActiveCfg = Debug|Win32
		{B83C4FDD-3F90-45CC-802F-F20C5FEB86F2}.debug_static_mt|x86.Build.0 = Debug|Win32
		{B83C4FDD-3F90-45CC-802F-F20C5FEB86F2}.Debug|x64.ActiveCfg = Debug|x64
		{B83C4FDD-3F90-45CC-802F-F20C5FEB86F2}.Debug|x64.Build.0 = Debug|x64
		{B83C4FDD-3F90-45CC-802F-F20C5FEB86F2}.Debug|x86.ActiveCfg = Debug|Win32
		{B83C4FDD-3F90-45CC-802F-F20C5FEB86F2}.Debug|x86.Build.0 = Debug|Win32
		{B83C4FDD-3F90-45CC-802F-F20C5FEB86F2}.release_shared|x64.ActiveCfg = Release|x64
		{B83C4FDD-3F90-45CC-802F-F20C5FEB86F2}.release_shared|x64.Build.0 = Release|x64
		{B83C4FDD-3F90-45CC-802F-F20C5FEB86F2}.release_shared|x86.ActiveCfg = Release|Win32
		{B83C4FDD-3F90-45CC-802F-F20C5FEB86F2}.release_shared|x86.Build.0 = Release|Win32
		{B83C4FDD-3F90-45CC-802F-F20C5FEB86F2}.release_static_md|x64.ActiveCfg = Release|x64
		{B83C4FDD-3F90-45CC-802F-F20C5FEB86F2}.release_static_md|x64.Build.0 = Release|x64
		{B83C4FDD-3F90-45CC-802F-F20C5FEB86F2}.release_static_md|x86.ActiveCfg = Release|Win32
		{B83C4FDD-3F90-45CC-802F-F20C5FEB86F2}.release_static_md|x86.Build.0 = Release|Win32
		{B83C4FDD-3F90-45CC-802F-F20C5FEB86F2}.release_static_mt|x64.ActiveCfg = Release|x64
		{B83C4FDD-3F90-45CC-802F-F20C5FEB86F2}.release_static_mt|x64.Build.0 = Release|x64
		{B83C4FDD-3F90-45CC-802F-F20C5FEB86F2}.release_static_mt|x86.ActiveCfg = Release|Win32
		{B83C4FDD-3F90-45CC-802F-F20C5FEB86F2}.release_static_mt|x86.Build.0 = Release|Win32
		{B83C4FDD-3F90-45CC-802F-F20C5FEB86F2}.Release|x64.ActiveCfg = Release|x64
		{B83C4FDD-3F90-45CC-802F-F20C5FEB86F2}.Release|x64.Build.0 = Release|x64
		{B83C4FDD-3F90-45CC-802F-F20C5FEB86F2}.Release|x86.ActiveCfg = Release|Win32
		{B83C4FDD-3F90-45CC-802F-F20C5FEB86F2}.Release|x86.Build.0 = Release|Win32
		{DDCD3C2B-4984-4E38-98CA-3A46468FD85B}.debug_shared|x64.ActiveCfg = Debug|x64
		{DDCD3C2B-4984-4E38-98CA-3A46468FD85B}.debug_shared|x64.Build.0 = Debug|x64
		{DDCD3C2B-4984-4E38-98CA-3A46468FD85B}.debug_shared|x86.ActiveCfg = Debug|Win32
		{DDCD3C2B-4984-4E38-98CA-3A46468FD85B}.debug_shared|x86.Build.0 = Debug|Win32
		{DDCD3C2B-4984-4E38-98CA-3A46468FD85B}.debug_static_md|x64.ActiveCfg = Debug|x64
		{DDCD3C2B-4984-4E38-98CA-3A46468FD85B}.debug_static_md|x64.Build.0 = Debug|x64
		{DDCD3C2B-4984-4E38-98CA-3A46468FD85B}.debug_static_md|x86.ActiveCfg = Debug|Win32
		{DDCD3C2B-4984-4E38-98CA-3A46468FD85B}.debug_static_md|x86.Build.0 = Debug|Win32
		{DDCD3C2B-4984-4E38-98CA-3A46468FD85B}.debug_static_mt|x64.ActiveCfg = Debug|x64
		{DDCD3C2B-4984-4E38-98CA-3A46468FD85B}.debug_static_mt|x64.Build.0 = Debug|x64
		{DDCD3C2B-4984-4E38-98CA-3A46468FD85B}.debug_static_mt|x86.ActiveCfg = Debug|Win32
		{DDCD3C2B-4984-4E38-98CA-3A46468FD85B}.debug_static_mt|x86.Build.0 = Debug|Win32
		{DDCD3C2B-4984-4E38-98CA-3A46468FD85B}.Debug|x64.ActiveCfg = Debug|x64
		{DDCD3C2B-4984-4E38-98CA-3A46468FD85B}.Debug|x64.Build.0 = Debug|x64
		{DDCD3C2B-4984-4E38-98CA-3A46468FD85B}.Debug|x86.ActiveCfg = Debug|Win32
		{DDCD3C2B-4984-4E38-98CA-3A46468FD85B}.Debug|x86.Build.0 = Debug|Win32
		{DDCD3C2B-4984-4E38-98CA-3A46468FD85B}.release_shared|x64.ActiveCfg = Release|x64
		{DDCD3C2B-4984-4E38-98CA-3A46468FD85B}.release_shared|x64.Build.0 = Release|x64
		{DDCD3C2B-4984-4E38-98CA-3A46468FD85B}.release_shared|x86.ActiveCfg = Release|Win32
		{DDCD3C2B-4984-4E38-98CA-3A46468FD85B}.release_shared|x86.Build.0 = Release|Win32
		{DDCD3C2B-4984-4E38-98CA-3A46468FD85B}.release_static_md|x64.ActiveCfg = Release|x64
		{DDCD3C2B-4984-4E38-98CA-3A46468FD85B}.release_static_md|x64.Build.0 = Release|x64
		{DDCD3C2B-4984-4E38-98CA-3A46468FD85B}.release_static_md|x86.ActiveCfg = Release|Win32
		{DDCD3C2B-4984-4E38-98CA-3A46468FD85B}.release_static_md|x86.Build.0 = Release|Win32
		{DDCD3C2B-4984-4E38-98CA-3A46468FD85B}.release_static_mt|x64.ActiveCfg = Release|x64
		{DDCD3C2B-4984-4E38-98CA-3A46468FD85B}.release_static_mt|x64.Build.0 = Release|x64
		{DDCD3C2B-4984-4E38-98CA-3A46468FD85B}.release_static_mt|x86.ActiveCfg = Release|Win32
		{DDCD3C2B-4984-4E38-98CA-3A46468FD85B}.release_static_mt|x86.Build.0 = Release|Win32
		{DDCD3C2B-4984-4E38-98CA-3A46468FD85B}.Release|x64.ActiveCfg = Release|x64
		{DDCD3C2B-4984-4E38-98CA-3A46468FD85B}.Release|x64.Build.0 = Release|x64
		{DDCD3C2B-4984-4E38-98CA-3A46468FD85B}.Release|x86.ActiveCfg = Release|Win32
		{DDCD3C2B-4984-4E38-98CA-3A46468FD85B}.Release|x86.Build.0 = Release|Win32
		{C8FCA2C0-94B7-4064-B328-A4073DBFFD26}.debug_shared|x64.ActiveCfg = Debug|x64
		{C8FCA2C0-94B7-4064-B328-A4073DBFFD26}.debug_shared|x64.Build.0 = Debug|x64
		{C8FCA2C0-94B7-4064-B328-A4073DBFFD26}.debug_shared|x86.ActiveCfg = Debug|Win32
		{C8FCA2C0-94B7-4064-B328-A4073DBFFD26}.debug_shared|x86.Build.0 = Debug|Win32
		{C8FCA2C0-94B7-4064-B328-A4073DBFFD26}.debug_static_md|x64.ActiveCfg = Debug|x64
		{C8FCA2C0-94B7-4064-B328-A4073DBFFD26}.debug_static_md|x64.Build.0 = Debug|x64
		{C8FCA2C0-94B7-4064-B328-A4073DBFFD26}.debug_static_md|x86.ActiveCfg = Debug|Win32
		{C8FCA2C0-94B7-4064-B328-A4073DBFFD26}.debug_static_md|x86.Build.0 = Debug|Win32
		{C8FCA2C0-94B7-4064-B328-A4073DBFFD26}.debug_static_mt|x64.ActiveCfg = Debug|x64
		{C8FCA2C0-94B7-4064-B328-A4073DBFFD26}.debug_static_mt|x64.Build.0 = Debug|x64
		{C8FCA2C0-94B7-4064-B328-A4073DBFFD26}.debug_static_mt|x86.ActiveCfg = Debug|Win32
		{C8FCA2C0-94B7-4064-B328-A4073DBFFD26}.debug_static_mt|x86.Build.0 = Debug|Win32
		{C8FCA2C0-94B7-4064-B328-A4073DBFFD26}.Debug|x64.ActiveCfg = Debug|x64
		{C8FCA2C0-94B7-4064-B328-A4073DBFFD26}.Debug|x64.Build.0 = Debug|x64
		{C8FCA2C0-94B7-4064-B328-A4073DBFFD26}.Debug|x86.ActiveCfg = Debug|Win32
		{C8FCA2C0-94B7-4064-B328-A4073DBFFD26}.Debug|x86.Build.0 = Debug|Win32
		{C8FCA2C0-94B7-4064-B328-A4073DBFFD26}.release_shared|x64.ActiveCfg = Release|x64
		{C8FCA2C0-94B7-4064-B328-A4073DBFFD26}.release_shared|x64.Build.0 = Release|x64
		{C8FCA2C0-94B7-4064-B328-A4073DBFFD26}.release_shared|x86.ActiveCfg = Release|Win32
		{C8FCA2C0-94B7-4064-B328-A4073DBFFD26}.release_shared|x86.Build.0 = Release|Win32
		{C8FCA2C0-94B7-4064-B328-A4073DBFFD26}.release_static_md|x64.ActiveCfg = Release|x64
		{C8FCA2C0-94B7-4064-B328-A4073DBFFD26}.release_static_md|x64.Build.0 = Release|x64
		{C8FCA2C0-94B7-4064-B328-A4073DBFFD26}.release_static_md|x86.ActiveCfg = Release|Win32
		{C8FCA2C0-94B7-4064-B328-A4073DBFFD26}.release_static_md|x86.Build.0 = Release|Win32
		{C8FCA2C0-94B7-4064-B328-A4073DBFFD26}.release_static_mt|x64.ActiveCfg = Release|x64
		{C8FCA2C0-94B7-4064-B328-A4073DBFFD26}.release_static_mt|x64.Build.0 = Release|x64
		{C8FCA2C0-94B7-4064-B328-A4073DBFFD26}.release_static_mt|x86.ActiveCfg = Release|Win32
		{C8FCA2C0-94B7-4064-B328-A4073DBFFD26}.release_static_mt|x86.Build.0 = Release|Win32
		{C8FCA2C0-94B7-4064-B328-A4073DBFFD26}.Release|x64.ActiveCfg = Release|x64
		{C8FCA2C0-94B7-4064-B328-A4073DBFFD26}.Release|x64.Build.0 = Release|x64
		{C8FCA2C0-94B7-4064-B328-A4073DBFFD26}.Release|x86.ActiveCfg = Release|Win32
		{C8FCA2C0-94B7-4064-B328-A4073DBFFD26}.Release|x86.Build.0 = Release|Win32
		{854E33F1-841A-4FB9-A584-A1E23FA7D2CD}.debug_shared|x64.ActiveCfg = Debug|x64
		{854E33F1-841A-4FB9-A584-A1E23FA7D2CD}.debug_shared|x64.Build.0 = Debug|x64
		{854E33F1-841A-4FB9-A584-A1E23FA7D2CD}.debug_shared|x86.ActiveCfg = Debug|Win32
		{854E33F1-841A-4FB9-A584-A1E23FA7D2CD}.debug_shared|x86.Build.0 = Debug|Win32
		{854E33F1-841A-4FB9-A584-A1E23FA7D2CD}.debug_static_md|x64.ActiveCfg = Debug|x64
		{854E33F1-841A-4FB9-A584-A1E23FA7D2CD}.debug_static_md|x64.Build.0 = Debug|x64
		{854E33F1-841A-4FB9-A584-A1E23FA7D2CD}.debug_static_md|x86.ActiveCfg = Debug|Win32
		{854E33F1-841A-4FB9-A584-A1E23FA7D2CD}.debug_static_md|x86.Build.0 = Debug|Win32
		{854E33F1-841A-4FB9-A584-A1E23FA7D2CD}.debug_static_mt|x64.ActiveCfg = Debug|x64
		{854E33F1-841A-4FB9-A584-A1E23FA7D2CD}.debug_static_mt|x64.Build.0 = Debug|x64
		{854E33F1-841A-4FB9-A584-A1E23FA7D2CD}.debug_static_mt|x86.ActiveCfg = Debug|Win32
		{854E33F1-841A-4FB9-A584-A1E23FA7D2CD}.debug_static_mt|x86.Build.0 = Debug|Win32
		{854E33F1-841A-4FB9-A584-A1E23FA7D2CD}.Debug|x64.ActiveCfg = Debug|x64
		{854E33F1-841A-4FB9-A584-A1E23FA7D2CD}.Debug|x64.Build.0 = Debug|x64
		{854E33F1-841A-4FB9-A584-A1E23FA7D2CD}.Debug|x86.ActiveCfg = Debug|Win32
		{854E33F1-841A-4FB9-A584-A1E23FA7D2CD}.Debug|x86.Build.0 = Debug|Win32
		{854E33F1-841A-4FB9-A584-A1E23FA7D2CD}.release_shared|x64.ActiveCfg = Release|x64
		{854E33F1-841A-4FB9-A584-A1E23FA7D2CD}.release_shared|x64.Build.0 = Release|x64
		{854E33F1-841A-4FB9-A584-A1E23FA7D2CD}.release_shared|x86.ActiveCfg = Release|Win32
		{854E33F1-841A-4FB9-A584-A1E23FA7D2CD}.release_shared|x86.Build.0 = Release|Win32
		{854E33F1-841A-4FB9-A584-A1E23FA7D2CD}.release_static_md|x64.ActiveCfg = Release|x64
		{854E33F1-841A-4FB9-A584-A1E23FA7D2CD}.release_static_md|x64.Build.0 = Release|x64
		{854E33F1-841A-4FB9-A584-A1E23FA7D2CD}.release_static_md|x86.ActiveCfg = Release|Win32
		{854E33F1-841A-4FB9-A584-A1E23FA7D2CD}.release_static_md|x86.Build.0 = Release|Win32
		{854E33F1-841A-4FB9-A584-A1E23FA7D2CD}.release_static_mt|x64.ActiveCfg = Release|x64
		{854E33F1-841A-4FB9-A584-A1E23FA7D2CD}.release_static_mt|x64.Build.0 = Release|x64
		{854E33F1-841A-4FB9-A584-A1E23FA7D2CD}.release_static_mt|x86.ActiveCfg = Release|Win32
		{854E33F1-841A-4FB9-A584-A1E23FA7D2CD}.release_static_mt|x86.Build.0 = Release|Win32
		{854E33F1-841A-4FB9-A584-A1E23FA7D2CD}.Release|x64.ActiveCfg = Release|x64
		{854E33F1-841A-4FB9-A584-A1E23FA7D2CD}.Release|x64.Build.0 = Release|x64
		{854E33F1-841A-4FB9-A584-A1E23FA7D2CD}.Release|x86.ActiveCfg = Release|Win32
		{854E33F1-841A-4FB9-A584-A1E23FA7D2CD}.Release|x86.Build.0 = Release|Win32
		{5B763FEF-C659-4593-835F-49812C9696DD}.debug_shared|x64.ActiveCfg = Debug|x64
		{5B763FEF-C659-4593-835F-49812C9696DD}.debug_shared|x64.Build.0 = Debug|x64
		{5B763FEF-C659-4593-835F-49812C9696DD}.debug_shared|x86.ActiveCfg = Debug|Win32
		{5B763FEF-C659-4593-835F-49812C9696DD}.debug_shared|x86.Build.0 = Debug|Win32
		{5B763FEF-C659-4593-835F-49812C9696DD}.debug_static_md|x64.ActiveCfg = Debug|x64
		{5B763FEF-C659-4593-835F-49812C9696DD}.debug_static_md|x64.Build.0 = Debug|x64
		{5B763FEF-C659-4593-835F-49812C9696DD}.debug_static_md|x86.ActiveCfg = Debug|Win32
		{5B763FEF-C659-4593-835F-49812C9696DD}.debug_static_md|x86.Build.0 = Debug|Win32
		{5B763FEF-C659-4593-835F-49812C9696DD}.debug_static_mt|x64.ActiveCfg = Debug|x64
		{5B763FEF-C659-4593-835F-49812C9696DD}.debug_static_mt|x64.Build.0 = Debug|x64
		{5B763FEF-C659-4593-835F-49812C9696DD}.debug_static_mt|x86.ActiveCfg = Debug|Win32
		{5B763FEF-C659-4593-835F-49812C9696DD}.debug_static_mt|x86.Build.0 = Debug|Win32
		{5B763FEF-C659-4593-835F-49812C9696DD}.Debug|x64.ActiveCfg = Debug|x64
		{5B763FEF-C659-4593-835F-49812C9696DD}.Debug|x64.Build.0 = Debug|x64
		{5B763FEF-C659-4593-835F-49812C9696DD}.Debug|x86.ActiveCfg = Debug|Win32
		{5B763FEF-C659-4593-835F-49812C9696DD}.Debug|x86.Build.0 = Debug|Win32
		{5B763FEF-C659-4593-835F-49812C9696DD}.release_shared|x64.ActiveCfg = Release|x64
		{5B763FEF-C659-4593-835F-49812C9696DD}.release_shared|x64.Build.0 = Release|x64
		{5B763FEF-C659-4593-835F-49812C9696DD}.release_shared|x86.ActiveCfg = Release|Win32
		{5B763FEF-C659-4593-835F-49812C9696DD}.release_shared|x86.Build.0 = Release|Win32
		{5B763FEF-C659-4593-835F-49812C9696DD}.release_static_md|x64.ActiveCfg = Release|x64
		{5B763FEF-C659-4593-835F-49812C9696DD}.release_static_md|x64.Build.0 = Release|x64
		{5B763FEF-C659-4593-835F-49812C9696DD}.release_static_md|x86.ActiveCfg = Release|Win32
		{5B763FEF-C659-4593-835F-49812C9696DD}.release_static_md|x86.Build.0 = Release|Win32
		{5B763FEF-C659-4593-835F-49812C9696DD}.release_static_mt|x64.ActiveCfg = Release|x64
		{5B763FEF-C659-4593-835F-49812C9696DD}.release_static_mt|x64.Build.0 = Release|x64
		{5B763FEF-C659-4593-835F-49812C9696DD}.release_static_mt|x86.ActiveCfg = Release|Win32
		{5B763FEF-C659-4593-835F-49812C9696DD}.release_static_mt|x86.Build.0 = Release|Win32
		{5B763FEF-C659-4593-835F-49812C9696DD}.Release|x64.ActiveCfg = Release|x64
		{5B763FEF-C659-4593-835F-49812C9696DD}.Release|x64.Build.0 = Release|x64
		{5B763FEF-C659-4593-835F-49812C9696DD}.Release|x86.ActiveCfg = Release|Win32
		{5B763FEF-C659-4593-835F-49812C9696DD}.Release|x86.Build.0 = Release|Win32
		{0E7FE914-0690-3EB4-9119-93A97CC97741}.debug_shared|x64.ActiveCfg = debug_shared|x64
		{0E7FE914-0690-3EB4-9119-93A97CC97741}.debug_shared|x64.Build.0 = debug_shared|x64
		{0E7FE914-0690-3EB4-9119-93A97CC97741}.debug_shared|x86.ActiveCfg = debug_shared|x64
		{0E7FE914-0690-3EB4-9119-93A97CC97741}.debug_static_md|x64.ActiveCfg = debug_static_md|x64
		{0E7FE914-0690-3EB4-9119-93A97CC97741}.debug_static_md|x64.Build.0 = debug_static_md|x64
		{0E7FE914-0690-3EB4-9119-93A97CC97741}.debug_static_md|x86.ActiveCfg = debug_static_md|x64
		{0E7FE914-0690-3EB4-9119-93A97CC97741}.debug_static_mt|x64.ActiveCfg = debug_static_mt|x64
		{0E7FE914-0690-3EB4-9119-93A97CC97741}.debug_static_mt|x64.Build.0 = debug_static_mt|x64
		{0E7FE914-0690-3EB4-9119-93A97CC97741}.debug_static_mt|x86.ActiveCfg = debug_static_mt|x64
		{0E7FE914-0690-3EB4-9119-93A97CC97741}.Debug|x64.ActiveCfg = debug_shared|x64
		{0E7FE914-0690-3EB4-9119-93A97CC97741}.Debug|x64.Build.0 = debug_shared|x64
		{0E7FE914-0690-3EB4-9119-93A97CC97741}.Debug|x86.ActiveCfg = debug_shared|x64
		{0E7FE914-0690-3EB4-9119-93A97CC97741}.Debug|x86.Build.0 = debug_shared|x64
		{0E7FE914-0690-3EB4-9119-93A97CC97741}.release_shared|x64.ActiveCfg = release_shared|x64
		{0E7FE914-0690-3EB4-9119-93A97CC97741}.release_shared|x64.Build.0 = release_shared|x64
		{0E7FE914-0690-3EB4-9119-93A97CC97741}.release_shared|x86.ActiveCfg = release_shared|x64
		{0E7FE914-0690-3EB4-9119-93A97CC97741}.release_static_md|x64.ActiveCfg = release_static_md|x64
		{0E7FE914-0690-3EB4-9119-93A97CC97741}.release_static_md|x64.Build.0 = release_static_md|x64
		{0E7FE914-0690-3EB4-9119-93A97CC97741}.release_static_md|x86.ActiveCfg = release_static_md|x64
		{0E7FE914-0690-3EB4-9119-93A97CC97741}.release_static_mt|x64.ActiveCfg = release_static_mt|x64
		{0E7FE914-0690-3EB4-9119-93A97CC97741}.release_static_mt|x64.Build.0 = release_static_mt|x64
		{0E7FE914-0690-3EB4-9119-93A97CC97741}.release_static_mt|x86.ActiveCfg = release_static_mt|x64
		{0E7FE914-0690-3EB4-9119-93A97CC97741}.Release|x64.ActiveCfg = release_shared|x64
		{0E7FE914-0690-3EB4-9119-93A97CC97741}.Release|x64.Build.0 = release_shared|x64
		{0E7FE914-0690-3EB4-9119-93A97CC97741}.Release|x86.ActiveCfg = debug_shared|x64
		{0E7FE914-0690-3EB4-9119-93A97CC97741}.Release|x86.Build.0 = debug_shared|x64
		{B01196CC-B693-4548-8464-2FF60499E73F}.debug_shared|x64.ActiveCfg = debug_shared|x64
		{B01196CC-B693-4548-8464-2FF60499E73F}.debug_shared|x64.Build.0 = debug_shared|x64
		{B01196CC-B693-4548-8464-2FF60499E73F}.debug_shared|x86.ActiveCfg = debug_shared|x64
		{B01196CC-B693-4548-8464-2FF60499E73F}.debug_static_md|x64.ActiveCfg = debug_static_md|x64
		{B01196CC-B693-4548-8464-2FF60499E73F}.debug_static_md|x64.Build.0 = debug_static_md|x64
		{B01196CC-B693-4548-8464-2FF60499E73F}.debug_static_md|x86.ActiveCfg = debug_static_md|x64
		{B01196CC-B693-4548-8464-2FF60499E73F}.debug_static_mt|x64.ActiveCfg = debug_static_mt|x64
		{B01196CC-B693-4548-8464-2FF60499E73F}.debug_static_mt|x64.Build.0 = debug_static_mt|x64
		{B01196CC-B693-4548-8464-2FF60499E73F}.debug_static_mt|x86.ActiveCfg = debug_static_mt|x64
		{B01196CC-B693-4548-8464-2FF60499E73F}.Debug|x64.ActiveCfg = debug_shared|x64
		{B01196CC-B693-4548-8464-2FF60499E73F}.Debug|x64.Build.0 = debug_shared|x64
		{B01196CC-B693-4548-8464-2FF60499E73F}.Debug|x86.ActiveCfg = debug_shared|x64
		{B01196CC-B693-4548-8464-2FF60499E73F}.Debug|x86.Build.0 = debug_shared|x64
		{B01196CC-B693-4548-8464-2FF60499E73F}.release_shared|x64.ActiveCfg = release_shared|x64
		{B01196CC-B693-4548-8464-2FF60499E73F}.release_shared|x64.Build.0 = release_shared|x64
		{B01196CC-B693-4548-8464-2FF60499E73F}.release_shared|x86.ActiveCfg = release_shared|x64
		{B01196CC-B693-4548-8464-2FF60499E73F}.release_static_md|x64.ActiveCfg = release_static_md|x64
		{B01196CC-B693-4548-8464-2FF60499E73F}.release_static_md|x64.Build.0 = release_static_md|x64
		{B01196CC-B693-4548-8464-2FF60499E73F}.release_static_md|x86.ActiveCfg = release_static_md|x64
		{B01196CC-B693-4548-8464-2FF60499E73F}.release_static_mt|x64.ActiveCfg = release_static_mt|x64
		{B01196CC-B693-4548-8464-2FF60499E73F}.release_static_mt|x64.Build.0 = release_static_mt|x64
		{B01196CC-B693-4548-8464-2FF60499E73F}.release_static_mt|x86.ActiveCfg = release_static_mt|x64
		{B01196CC-B693-4548-8464-2FF60499E73F}.Release|x64.ActiveCfg = release_shared|x64
		{B01196CC-B693-4548-8464-2FF60499E73F}.Release|x64.Build.0 = release_shared|x64
		{B01196CC-B693-4548-8464-2FF60499E73F}.Release|x86.ActiveCfg = debug_shared|x64
		{B01196CC-B693-4548-8464-2FF60499E73F}.Release|x86.Build.0 = debug_shared|x64
		{9E211743-85FE-4977-82F3-4F04B40C912D}.debug_shared|x64.ActiveCfg = debug_shared|x64
		{9E211743-85FE-4977-82F3-4F04B40C912D}.debug_shared|x64.Build.0 = debug_shared|x64
		{9E211743-85FE-4977-82F3-4F04B40C912D}.debug_shared|x86.ActiveCfg = debug_shared|x64
		{9E211743-85FE-4977-82F3-4F04B40C912D}.debug_static_md|x64.ActiveCfg = debug_static_md|x64
		{9E211743-85FE-4977-82F3-4F04B40C912D}.debug_static_md|x64.Build.0 = debug_static_md|x64
		{9E211743-85FE-4977-82F3-4F04B40C912D}.debug_static_md|x86.ActiveCfg = debug_static_md|x64
		{9E211743-85FE-4977-82F3-4F04B40C912D}.debug_static_mt|x64.ActiveCfg = debug_static_mt|x64
		{9E211743-85FE-4977-82F3-4F04B40C912D}.debug_static_mt|x64.Build.0 = debug_static_mt|x64
		{9E211743-85FE-4977-82F3-4F04B40C912D}.debug_static_mt|x86.ActiveCfg = debug_static_mt|x64
		{9E211743-85FE-4977-82F3-4F04B40C912D}.Debug|x64.ActiveCfg = debug_shared|x64
		{9E211743-85FE-4977-82F3-4F04B40C912D}.Debug|x64.Build.0 = debug_shared|x64
		{9E211743-85FE-4977-82F3-4F04B40C912D}.Debug|x86.ActiveCfg = debug_shared|x64
		{9E211743-85FE-4977-82F3-4F04B40C912D}.Debug|x86.Build.0 = debug_shared|x64
		{9E211743-85FE-4977-82F3-4F04B40C912D}.release_shared|x64.ActiveCfg = release_shared|x64
		{9E211743-85FE-4977-82F3-4F04B40C912D}.release_shared|x64.Build.0 = release_shared|x64
		{9E211743-85FE-4977-82F3-4F04B40C912D}.release_shared|x86.ActiveCfg = release_shared|x64
		{9E211743-85FE-4977-82F3-4F04B40C912D}.release_static_md|x64.ActiveCfg = release_static_md|x64
		{9E211743-85FE-4977-82F3-4F04B40C912D}.release_static_md|x64.Build.0 = release_static_md|x64
		{9E211743-85FE-4977-82F3-4F04B40C912D}.release_static_md|x86.ActiveCfg = release_static_md|x64
		{9E211743-85FE-4977-82F3-4F04B40C912D}.release_static_mt|x64.ActiveCfg = release_static_mt|x64
		{9E211743-85FE-4977-82F3-4F04B40C912D}.release_static_mt|x64.Build.0 = release_static_mt|x64
		{9E211743-85FE-4977-82F3-4F04B40C912D}.release_static_mt|x86.ActiveCfg = release_static_mt|x64
		{9E211743-85FE-4977-82F3-4F04B40C912D}.Release|x64.ActiveCfg = release_shared|x64
		{9E211743-85FE-4977-82F3-4F04B40C912D}.Release|x64.Build.0 = release_shared|x64
		{9E211743-85FE-4977-82F3-4F04B40C912D}.Release|x86.ActiveCfg = debug_shared|x64
		{9E211743-85FE-4977-82F3-4F04B40C912D}.Release|x86.Build.0 = debug_shared|x64
		{6FF56CDB-787A-4714-A28C-919003F9FA6C}.debug_shared|x64.ActiveCfg = debug_shared|x64
		{6FF56CDB-787A-4714-A28C-919003F9FA6C}.debug_shared|x64.Build.0 = debug_shared|x64
		{6FF56CDB-787A-4714-A28C-919003F9FA6C}.debug_shared|x86.ActiveCfg = debug_shared|x64
		{6FF56CDB-787A-4714-A28C-919003F9FA6C}.debug_static_md|x64.ActiveCfg = debug_static_md|x64
		{6FF56CDB-787A-4714-A28C-919003F9FA6C}.debug_static_md|x64.Build.0 = debug_static_md|x64
		{6FF56CDB-787A-4714-A28C-919003F9FA6C}.debug_static_md|x86.ActiveCfg = debug_static_md|x64
		{6FF56CDB-787A-4714-A28C-919003F9FA6C}.debug_static_mt|x64.ActiveCfg = debug_static_mt|x64
		{6FF56CDB-787A-4714-A28C-919003F9FA6C}.debug_static_mt|x64.Build.0 = debug_static_mt|x64
		{6FF56CDB-787A-4714-A28C-919003F9FA6C}.debug_static_mt|x86.ActiveCfg = debug_static_mt|x64
		{6FF56CDB-787A-4714-A28C-919003F9FA6C}.Debug|x64.ActiveCfg = debug_shared|x64
		{6FF56CDB-787A-4714-A28C-919003F9FA6C}.Debug|x64.Build.0 = debug_shared|x64
		{6FF56CDB-787A-4714-A28C-919003F9FA6C}.Debug|x86.ActiveCfg = debug_shared|x64
		{6FF56CDB-787A-4714-A28C-919003F9FA6C}.Debug|x86.Build.0 = debug_shared|x64
		{6FF56CDB-787A-4714-A28C-919003F9FA6C}.release_shared|x64.ActiveCfg = release_shared|x64
		{6FF56CDB-787A-4714-A28C-919003F9FA6C}.release_shared|x64.Build.0 = release_shared|x64
		{6FF56CDB-787A-4714-A28C-919003F9FA6C}.release_shared|x86.ActiveCfg = release_shared|x64
		{6FF56CDB-787A-4714-A28C-919003F9FA6C}.release_static_md|x64.ActiveCfg = release_static_md|x64
		{6FF56CDB-787A-4714-A28C-919003F9FA6C}.release_static_md|x64.Build.0 = release_static_md|x64
		{6FF56CDB-787A-4714-A28C-919003F9FA6C}.release_static_md|x86.ActiveCfg = release_static_md|x64
		{6FF56CDB-787A-4714-A28C-919003F9FA6C}.release_static_mt|x64.ActiveCfg = release_static_mt|x64
		{6FF56CDB-787A-4714-A28C-919003F9FA6C}.release_static_mt|x64.Build.0 = release_static_mt|x64
		{6FF56CDB-787A-4714-A28C-919003F9FA6C}.release_static_mt|x86.ActiveCfg = release_static_mt|x64
		{6FF56CDB-787A-4714-A28C-919003F9FA6C}.Release|x64.ActiveCfg = release_shared|x64
		{6FF56CDB-787A-4714-A28C-919003F9FA6C}.Release|x64.Build.0 = release_shared|x64
		{6FF56CDB-787A-4714-A28C-919003F9FA6C}.Release|x86.ActiveCfg = debug_shared|x64
		{6FF56CDB-787A-4714-A28C-919003F9FA6C}.Release|x86.Build.0 = debug_shared|x64
	EndGlobalSection
	GlobalSection(SolutionProperties) = preSolution
		HideSolutionNode = FALSE
	EndGlobalSection
	GlobalSection(NestedProjects) = preSolution
		{0E7FE914-0690-3EB4-9119-93A97CC97741} = {DB8C0BA1-8906-4120-BC90-EB7A695DFA75}
		{B01196CC-B693-4548-8464-2FF60499E73F} = {DB8C0BA1-8906-4120-BC90-EB7A695DFA75}
		{9E211743-85FE-4977-82F3-4F04B40C912D} = {DB8C0BA1-8906-4120-BC90-EB7A695DFA75}
		{6FF56CDB-787A-4714-A28C-919003F9FA6C} = {DB8C0BA1-8906-4120-BC90-EB7A695DFA75}
	EndGlobalSection
	GlobalSection(ExtensibilityGlobals) = postSolution
		SolutionGuid = {3DBC85A1-76DE-4EBF-A33E-A87889A52C79}
	EndGlobalSection
EndGlobal
